<?xml version="1.0" encoding="utf-8"?>
<Project ToolsVersion="4.0" xmlns="http://schemas.microsoft.com/developer/msbuild/2003">
  <ItemGroup>
    <Filter Include="소스 파일">
      <UniqueIdentifier>{4FC737F1-C7A5-4376-A066-2A32D752A2FF}</UniqueIdentifier>
      <Extensions>cpp;c;cc;cxx;def;odl;idl;hpj;bat;asm;asmx</Extensions>
    </Filter>
    <Filter Include="헤더 파일">
      <UniqueIdentifier>{93995380-89BD-4b04-88EB-625FBE52EBFB}</UniqueIdentifier>
      <Extensions>h;hpp;hxx;hm;inl;inc;xsd</Extensions>
    </Filter>
    <Filter Include="리소스 파일">
      <UniqueIdentifier>{67DA6AB6-F800-4c08-8B7A-83BB121AAD01}</UniqueIdentifier>
      <Extensions>rc;ico;cur;bmp;dlg;rc2;rct;bin;rgs;gif;jpg;jpeg;jpe;resx;tiff;tif;png;wav</Extensions>
    </Filter>
    <Filter Include="Common">
      <UniqueIdentifier>{7573862c-1c14-4068-912c-2f2d890f4f42}</UniqueIdentifier>
    </Filter>
  </ItemGroup>
  <ItemGroup>
    <ClCompile Include="CalculatorDlg.cpp">
      <Filter>소스 파일</Filter>
    </ClCompile>
    <ClCompile Include="CanvasCE.cpp">
      <Filter>소스 파일</Filter>
    </ClCompile>
    <ClCompile Include="ConnectErrorDlg.cpp">
      <Filter>소스 파일</Filter>
    </ClCompile>
    <ClCompile Include="DlgList.cpp">
      <Filter>소스 파일</Filter>
    </ClCompile>
    <ClCompile Include="EPncUI.cpp">
      <Filter>소스 파일</Filter>
    </ClCompile>
    <ClCompile Include="EPncUIDlg2.cpp">
      <Filter>소스 파일</Filter>
    </ClCompile>
    <ClCompile Include="ErrorDlg.cpp">
      <Filter>소스 파일</Filter>
    </ClCompile>
    <ClCompile Include="FileCopyDlg.cpp">
      <Filter>소스 파일</Filter>
    </ClCompile>
    <ClCompile Include="FileListBox.cpp">
      <Filter>소스 파일</Filter>
    </ClCompile>
    <ClCompile Include="FtpClient.cpp">
      <Filter>소스 파일</Filter>
    </ClCompile>
    <ClCompile Include="IconWnd.cpp">
      <Filter>소스 파일</Filter>
    </ClCompile>
    <ClCompile Include="ImgButtonEx2.cpp">
      <Filter>소스 파일</Filter>
    </ClCompile>
    <ClCompile Include="ImgButtonEx2BlockGrip.cpp">
      <Filter>소스 파일</Filter>
    </ClCompile>
    <ClCompile Include="ImgButtonEx2Run.cpp">
      <Filter>소스 파일</Filter>
    </ClCompile>
    <ClCompile Include="ImgButtonEx2ToolClamp.cpp">
      <Filter>소스 파일</Filter>
    </ClCompile>
    <ClCompile Include="IOListBoxEx.cpp">
      <Filter>소스 파일</Filter>
    </ClCompile>
    <ClCompile Include="JogButton.cpp">
      <Filter>소스 파일</Filter>
    </ClCompile>
    <ClCompile Include="MaxxLinkServiceDlg.cpp">
      <Filter>소스 파일</Filter>
    </ClCompile>
    <ClCompile Include="MsgDlg.cpp">
      <Filter>소스 파일</Filter>
    </ClCompile>
    <ClCompile Include="MsgDlgThread.cpp">
      <Filter>소스 파일</Filter>
    </ClCompile>
    <ClCompile Include="NCStatusBarWnd.cpp">
      <Filter>소스 파일</Filter>
    </ClCompile>
    <ClCompile Include="NotifyButton.cpp">
      <Filter>소스 파일</Filter>
    </ClCompile>
    <ClCompile Include="NotifyButton2.cpp">
      <Filter>소스 파일</Filter>
    </ClCompile>
    <ClCompile Include="NumericInputDlg.cpp">
      <Filter>소스 파일</Filter>
    </ClCompile>
    <ClCompile Include="NumericInputTimeDlg.cpp">
      <Filter>소스 파일</Filter>
    </ClCompile>
    <ClCompile Include="OptionDataListBox.cpp">
      <Filter>소스 파일</Filter>
    </ClCompile>
    <ClCompile Include="PasswordDlg.cpp">
      <Filter>소스 파일</Filter>
    </ClCompile>
    <ClCompile Include="PAStatus.cpp">
      <Filter>소스 파일</Filter>
    </ClCompile>
    <ClCompile Include="PMaintenance.cpp">
      <Filter>소스 파일</Filter>
    </ClCompile>
    <ClCompile Include="PNCFile.cpp">
      <Filter>소스 파일</Filter>
    </ClCompile>
    <ClCompile Include="PNCFileMgr.cpp">
      <Filter>소스 파일</Filter>
    </ClCompile>
    <ClCompile Include="PncIpcClient.cpp">
      <Filter>소스 파일</Filter>
    </ClCompile>
    <ClCompile Include="PointDataListBox.cpp">
      <Filter>소스 파일</Filter>
    </ClCompile>
    <ClCompile Include="PositionWnd.cpp">
      <Filter>소스 파일</Filter>
    </ClCompile>
    <ClCompile Include="PSWConfig.cpp">
      <Filter>소스 파일</Filter>
    </ClCompile>
    <ClCompile Include="PTool.cpp">
      <Filter>소스 파일</Filter>
    </ClCompile>
    <ClCompile Include="ResetOriginDlg.cpp">
      <Filter>소스 파일</Filter>
    </ClCompile>
    <ClCompile Include="RestartDialog.cpp">
      <Filter>소스 파일</Filter>
    </ClCompile>
    <ClCompile Include="RunTimeListBox.cpp">
      <Filter>소스 파일</Filter>
    </ClCompile>
    <ClCompile Include="SelectJogStepDlg.cpp">
      <Filter>소스 파일</Filter>
    </ClCompile>
    <ClCompile Include="SensorStateWnd.cpp">
      <Filter>소스 파일</Filter>
    </ClCompile>
    <ClCompile Include="SetupAutoCalibrationDlg.cpp">
      <Filter>소스 파일</Filter>
    </ClCompile>
    <ClCompile Include="SetupAutoCalibrationStep1Dlg.cpp">
      <Filter>소스 파일</Filter>
    </ClCompile>
    <ClCompile Include="SetupAutoCalibrationStep2Dlg.cpp">
      <Filter>소스 파일</Filter>
    </ClCompile>
    <ClCompile Include="SetupAutoCalibrationStep3Dlg.cpp">
      <Filter>소스 파일</Filter>
    </ClCompile>
    <ClCompile Include="SetupAutoCalibrationStep4Dlg.cpp">
      <Filter>소스 파일</Filter>
    </ClCompile>
    <ClCompile Include="SetupAutoCalibrationStep5Dlg.cpp">
      <Filter>소스 파일</Filter>
    </ClCompile>
    <ClCompile Include="SetupAutoCalibrationStep6Dlg.cpp">
      <Filter>소스 파일</Filter>
    </ClCompile>
    <ClCompile Include="SetupAutoTeachingDlg.cpp">
      <Filter>소스 파일</Filter>
    </ClCompile>
    <ClCompile Include="SetupAutoTeachingStep1Dlg.cpp">
      <Filter>소스 파일</Filter>
    </ClCompile>
    <ClCompile Include="SetupAutoTeachingStep2Dlg.cpp">
      <Filter>소스 파일</Filter>
    </ClCompile>
    <ClCompile Include="SetupAutoTeachingStep3Dlg.cpp">
      <Filter>소스 파일</Filter>
    </ClCompile>
    <ClCompile Include="SetupAutoTeachingStep4Dlg.cpp">
      <Filter>소스 파일</Filter>
    </ClCompile>
    <ClCompile Include="SetupAutoTeachingStep5Dlg.cpp">
      <Filter>소스 파일</Filter>
    </ClCompile>
    <ClCompile Include="SetupAutoTeachingStep6Dlg.cpp">
      <Filter>소스 파일</Filter>
    </ClCompile>
    <ClCompile Include="SetupAutoTeachingStep7Dlg.cpp">
      <Filter>소스 파일</Filter>
    </ClCompile>
    <ClCompile Include="SetupDlg.cpp">
      <Filter>소스 파일</Filter>
    </ClCompile>
    <ClCompile Include="SetupIODlg.cpp">
      <Filter>소스 파일</Filter>
    </ClCompile>
    <ClCompile Include="SetupLogDlg.cpp">
      <Filter>소스 파일</Filter>
    </ClCompile>
    <ClCompile Include="SetupMaintenanceDlg.cpp">
      <Filter>소스 파일</Filter>
    </ClCompile>
    <ClCompile Include="SetupMenuDlg.cpp">
      <Filter>소스 파일</Filter>
    </ClCompile>
    <ClCompile Include="SetupOptionDlg.cpp">
      <Filter>소스 파일</Filter>
    </ClCompile>
    <ClCompile Include="SetupSystemATCTestDlg.cpp">
      <Filter>소스 파일</Filter>
    </ClCompile>
    <ClCompile Include="SetupSystemChangeIPDlg.cpp">
      <Filter>소스 파일</Filter>
    </ClCompile>
    <ClCompile Include="SetupSystemDlg.cpp">
      <Filter>소스 파일</Filter>
    </ClCompile>
    <ClCompile Include="SetupSystemRunTimeInfoDlg.cpp">
      <Filter>소스 파일</Filter>
    </ClCompile>
    <ClCompile Include="SetupSystemSoftLimitDlg.cpp">
      <Filter>소스 파일</Filter>
    </ClCompile>
    <ClCompile Include="SetupSystemToolInfoDlg.cpp">
      <Filter>소스 파일</Filter>
    </ClCompile>
    <ClCompile Include="SetupTeachingAutoCalCoordOffsetDlg.cpp">
      <Filter>소스 파일</Filter>
    </ClCompile>
    <ClCompile Include="SetupTeachingAutoTeachingDlg.cpp">
      <Filter>소스 파일</Filter>
    </ClCompile>
    <ClCompile Include="SetupTeachingCoordOffsetDlg.cpp">
      <Filter>소스 파일</Filter>
    </ClCompile>
    <ClCompile Include="SetupTeachingDlg.cpp">
      <Filter>소스 파일</Filter>
    </ClCompile>
    <ClCompile Include="SetupTeachingOffsetDlg.cpp">
      <Filter>소스 파일</Filter>
    </ClCompile>
    <ClCompile Include="SetupTeachingTeachingPointDlg.cpp">
      <Filter>소스 파일</Filter>
    </ClCompile>
    <ClCompile Include="SetupTerminalDlg.cpp">
      <Filter>소스 파일</Filter>
    </ClCompile>
    <ClCompile Include="SetupToolDlg.cpp">
      <Filter>소스 파일</Filter>
    </ClCompile>
    <ClCompile Include="SetupToolResetDlg.cpp">
      <Filter>소스 파일</Filter>
    </ClCompile>
    <ClCompile Include="SetupToolSetDlg.cpp">
      <Filter>소스 파일</Filter>
    </ClCompile>
    <ClCompile Include="SplashDlg.cpp">
      <Filter>소스 파일</Filter>
    </ClCompile>
    <ClCompile Include="stdafx.cpp">
      <Filter>소스 파일</Filter>
    </ClCompile>
    <ClCompile Include="StringCalculator.cpp">
      <Filter>소스 파일</Filter>
    </ClCompile>
    <ClCompile Include="TitleBarWnd.cpp">
      <Filter>소스 파일</Filter>
    </ClCompile>
    <ClCompile Include="ToolTimeDispWnd.cpp">
      <Filter>소스 파일</Filter>
    </ClCompile>
    <ClCompile Include="UIToolPocketAutoTeachingBase.cpp">
      <Filter>소스 파일</Filter>
    </ClCompile>
    <ClCompile Include="UIToolPocketAutoTeachingP1.cpp">
      <Filter>소스 파일</Filter>
    </ClCompile>
    <ClCompile Include="UIToolPocketAutoTeachingP2.cpp">
      <Filter>소스 파일</Filter>
    </ClCompile>
    <ClCompile Include="..\..\Common\CEIniFile.cpp">
      <Filter>Common</Filter>
    </ClCompile>
    <ClCompile Include="..\..\Common\EPACommonHeader.cpp">
      <Filter>Common</Filter>
    </ClCompile>
    <ClCompile Include="..\..\Common\hcutil.cpp">
      <Filter>Common</Filter>
    </ClCompile>
    <ClCompile Include="..\..\Common\IpcLib.cpp">
      <Filter>Common</Filter>
    </ClCompile>
  </ItemGroup>
  <ItemGroup>
    <ClInclude Include="CalculatorDlg.h">
      <Filter>헤더 파일</Filter>
    </ClInclude>
    <ClInclude Include="CanvasCE.h">
      <Filter>헤더 파일</Filter>
    </ClInclude>
    <ClInclude Include="ConnectErrorDlg.h">
      <Filter>헤더 파일</Filter>
    </ClInclude>
    <ClInclude Include="DlgList.h">
      <Filter>헤더 파일</Filter>
    </ClInclude>
    <ClInclude Include="EPncUI.h">
      <Filter>헤더 파일</Filter>
    </ClInclude>
    <ClInclude Include="EPncUIDlg2.h">
      <Filter>헤더 파일</Filter>
    </ClInclude>
    <ClInclude Include="ErrorDlg.h">
      <Filter>헤더 파일</Filter>
    </ClInclude>
    <ClInclude Include="FileCopyDlg.h">
      <Filter>헤더 파일</Filter>
    </ClInclude>
    <ClInclude Include="FileListBox.h">
      <Filter>헤더 파일</Filter>
    </ClInclude>
    <ClInclude Include="FtpClient.h">
      <Filter>헤더 파일</Filter>
    </ClInclude>
    <ClInclude Include="IconWnd.h">
      <Filter>헤더 파일</Filter>
    </ClInclude>
    <ClInclude Include="ImgButtonEx2.h">
      <Filter>헤더 파일</Filter>
    </ClInclude>
    <ClInclude Include="ImgButtonEx2BlockGrip.h">
      <Filter>헤더 파일</Filter>
    </ClInclude>
    <ClInclude Include="ImgButtonEx2Run.h">
      <Filter>헤더 파일</Filter>
    </ClInclude>
    <ClInclude Include="ImgButtonEx2ToolClamp.h">
      <Filter>헤더 파일</Filter>
    </ClInclude>
    <ClInclude Include="IOListBoxEx.h">
      <Filter>헤더 파일</Filter>
    </ClInclude>
    <ClInclude Include="JogButton.h">
      <Filter>헤더 파일</Filter>
    </ClInclude>
    <ClInclude Include="MaxxLinkServiceDlg.h">
      <Filter>헤더 파일</Filter>
    </ClInclude>
    <ClInclude Include="MsgDlg.h">
      <Filter>헤더 파일</Filter>
    </ClInclude>
    <ClInclude Include="MsgDlgThread.h">
      <Filter>헤더 파일</Filter>
    </ClInclude>
    <ClInclude Include="NCStatusBarWnd.h">
      <Filter>헤더 파일</Filter>
    </ClInclude>
    <ClInclude Include="NotifyButton.h">
      <Filter>헤더 파일</Filter>
    </ClInclude>
    <ClInclude Include="NotifyButton2.h">
      <Filter>헤더 파일</Filter>
    </ClInclude>
    <ClInclude Include="NumericInputDlg.h">
      <Filter>헤더 파일</Filter>
    </ClInclude>
    <ClInclude Include="NumericInputTimeDlg.h">
      <Filter>헤더 파일</Filter>
    </ClInclude>
    <ClInclude Include="OptionDataListBox.h">
      <Filter>헤더 파일</Filter>
    </ClInclude>
    <ClInclude Include="PasswordDlg.h">
      <Filter>헤더 파일</Filter>
    </ClInclude>
    <ClInclude Include="PAStatus.h">
      <Filter>헤더 파일</Filter>
    </ClInclude>
    <ClInclude Include="PMaintenance.h">
      <Filter>헤더 파일</Filter>
    </ClInclude>
    <ClInclude Include="PNCFile.h">
      <Filter>헤더 파일</Filter>
    </ClInclude>
    <ClInclude Include="PNCFileMgr.h">
      <Filter>헤더 파일</Filter>
    </ClInclude>
    <ClInclude Include="PncIpcClient.h">
      <Filter>헤더 파일</Filter>
    </ClInclude>
    <ClInclude Include="PointDataListBox.h">
      <Filter>헤더 파일</Filter>
    </ClInclude>
    <ClInclude Include="PositionWnd.h">
      <Filter>헤더 파일</Filter>
    </ClInclude>
    <ClInclude Include="PSWConfig.h">
      <Filter>헤더 파일</Filter>
    </ClInclude>
    <ClInclude Include="PTool.h">
      <Filter>헤더 파일</Filter>
    </ClInclude>
    <ClInclude Include="RegisterRelToolDlg.h">
      <Filter>헤더 파일</Filter>
    </ClInclude>
    <ClInclude Include="ResetOriginDlg.h">
      <Filter>헤더 파일</Filter>
    </ClInclude>
    <ClInclude Include="Resource.h">
      <Filter>헤더 파일</Filter>
    </ClInclude>
    <ClInclude Include="RestartDialog.h">
      <Filter>헤더 파일</Filter>
    </ClInclude>
    <ClInclude Include="RunTimeListBox.h">
      <Filter>헤더 파일</Filter>
    </ClInclude>
    <ClInclude Include="SelectJogStepDlg.h">
      <Filter>헤더 파일</Filter>
    </ClInclude>
    <ClInclude Include="SensorStateWnd.h">
      <Filter>헤더 파일</Filter>
    </ClInclude>
    <ClInclude Include="SetupAutoCalibrationDlg.h">
      <Filter>헤더 파일</Filter>
    </ClInclude>
    <ClInclude Include="SetupAutoCalibrationStep1Dlg.h">
      <Filter>헤더 파일</Filter>
    </ClInclude>
    <ClInclude Include="SetupAutoCalibrationStep2Dlg.h">
      <Filter>헤더 파일</Filter>
    </ClInclude>
    <ClInclude Include="SetupAutoCalibrationStep3Dlg.h">
      <Filter>헤더 파일</Filter>
    </ClInclude>
    <ClInclude Include="SetupAutoCalibrationStep4Dlg.h">
      <Filter>헤더 파일</Filter>
    </ClInclude>
    <ClInclude Include="SetupAutoCalibrationStep5Dlg.h">
      <Filter>헤더 파일</Filter>
    </ClInclude>
    <ClInclude Include="SetupAutoCalibrationStep6Dlg.h">
      <Filter>헤더 파일</Filter>
    </ClInclude>
    <ClInclude Include="SetupAutoTeachingDlg.h">
      <Filter>헤더 파일</Filter>
    </ClInclude>
    <ClInclude Include="SetupAutoTeachingStep1Dlg.h">
      <Filter>헤더 파일</Filter>
    </ClInclude>
    <ClInclude Include="SetupAutoTeachingStep2Dlg.h">
      <Filter>헤더 파일</Filter>
    </ClInclude>
    <ClInclude Include="SetupAutoTeachingStep3Dlg.h">
      <Filter>헤더 파일</Filter>
    </ClInclude>
    <ClInclude Include="SetupAutoTeachingStep4Dlg.h">
      <Filter>헤더 파일</Filter>
    </ClInclude>
    <ClInclude Include="SetupAutoTeachingStep5Dlg.h">
      <Filter>헤더 파일</Filter>
    </ClInclude>
    <ClInclude Include="SetupAutoTeachingStep6Dlg.h">
      <Filter>헤더 파일</Filter>
    </ClInclude>
    <ClInclude Include="SetupAutoTeachingStep7Dlg.h">
      <Filter>헤더 파일</Filter>
    </ClInclude>
    <ClInclude Include="SetupDlg.h">
      <Filter>헤더 파일</Filter>
    </ClInclude>
    <ClInclude Include="SetupIODlg.h">
      <Filter>헤더 파일</Filter>
    </ClInclude>
    <ClInclude Include="SetupLogDlg.h">
      <Filter>헤더 파일</Filter>
    </ClInclude>
    <ClInclude Include="SetupMaintenanceDlg.h">
      <Filter>헤더 파일</Filter>
    </ClInclude>
    <ClInclude Include="SetupMenuDlg.h">
      <Filter>헤더 파일</Filter>
    </ClInclude>
    <ClInclude Include="SetupOptionDlg.h">
      <Filter>헤더 파일</Filter>
    </ClInclude>
    <ClInclude Include="SetupSystemATCTestDlg.h">
      <Filter>헤더 파일</Filter>
    </ClInclude>
    <ClInclude Include="SetupSystemChangeIPDlg.h">
      <Filter>헤더 파일</Filter>
    </ClInclude>
    <ClInclude Include="SetupSystemDlg.h">
      <Filter>헤더 파일</Filter>
    </ClInclude>
    <ClInclude Include="SetupSystemRunTimeInfoDlg.h">
      <Filter>헤더 파일</Filter>
    </ClInclude>
    <ClInclude Include="SetupSystemSoftLimitDlg.h">
      <Filter>헤더 파일</Filter>
    </ClInclude>
    <ClInclude Include="SetupSystemToolInfoDlg.h">
      <Filter>헤더 파일</Filter>
    </ClInclude>
    <ClInclude Include="SetupTeachingAutoCalCoordOffsetDlg.h">
      <Filter>헤더 파일</Filter>
    </ClInclude>
    <ClInclude Include="SetupTeachingAutoTeachingDlg.h">
      <Filter>헤더 파일</Filter>
    </ClInclude>
    <ClInclude Include="SetupTeachingCoordOffsetDlg.h">
      <Filter>헤더 파일</Filter>
    </ClInclude>
    <ClInclude Include="SetupTeachingDlg.h">
      <Filter>헤더 파일</Filter>
    </ClInclude>
    <ClInclude Include="SetupTeachingOffsetDlg.h">
      <Filter>헤더 파일</Filter>
    </ClInclude>
    <ClInclude Include="SetupTeachingTeachingPointDlg.h">
      <Filter>헤더 파일</Filter>
    </ClInclude>
    <ClInclude Include="SetupTerminalDlg.h">
      <Filter>헤더 파일</Filter>
    </ClInclude>
    <ClInclude Include="SetupToolDlg.h">
      <Filter>헤더 파일</Filter>
    </ClInclude>
    <ClInclude Include="SetupToolResetDlg.h">
      <Filter>헤더 파일</Filter>
    </ClInclude>
    <ClInclude Include="SetupToolSetDlg.h">
      <Filter>헤더 파일</Filter>
    </ClInclude>
    <ClInclude Include="SplashDlg.h">
      <Filter>헤더 파일</Filter>
    </ClInclude>
    <ClInclude Include="stdafx.h">
      <Filter>헤더 파일</Filter>
    </ClInclude>
    <ClInclude Include="StringCalculator.h">
      <Filter>헤더 파일</Filter>
    </ClInclude>
    <ClInclude Include="targetver.h">
      <Filter>헤더 파일</Filter>
    </ClInclude>
    <ClInclude Include="TitleBarWnd.h">
      <Filter>헤더 파일</Filter>
    </ClInclude>
    <ClInclude Include="ToolTimeDispWnd.h">
      <Filter>헤더 파일</Filter>
    </ClInclude>
    <ClInclude Include="UIToolPocketAutoTeachingBase.h">
      <Filter>헤더 파일</Filter>
    </ClInclude>
    <ClInclude Include="UIToolPocketAutoTeachingP1.h">
      <Filter>헤더 파일</Filter>
    </ClInclude>
    <ClInclude Include="UIToolPocketAutoTeachingP2.h">
      <Filter>헤더 파일</Filter>
    </ClInclude>
    <ClInclude Include="..\..\Common\CEIniFile.h">
      <Filter>Common</Filter>
    </ClInclude>
    <ClInclude Include="..\..\Common\EPACommonHeader.h">
      <Filter>Common</Filter>
    </ClInclude>
    <ClInclude Include="..\..\Common\FileTransferCommonHeader.h">
      <Filter>Common</Filter>
    </ClInclude>
    <ClInclude Include="..\..\Common\hcutil.h">
      <Filter>Common</Filter>
    </ClInclude>
    <ClInclude Include="..\..\Common\IpcLib.h">
      <Filter>Common</Filter>
    </ClInclude>
  </ItemGroup>
  <ItemGroup>
    <Image Include="res\AT_AC\AC_calSwitch.bmp">
      <Filter>리소스 파일</Filter>
    </Image>
    <Image Include="..\..\..\Resources\AC_calSwitch.bmp">
      <Filter>리소스 파일</Filter>
    </Image>
    <Image Include="res\AT_AC\AC_conductionOff.bmp">
      <Filter>리소스 파일</Filter>
    </Image>
    <Image Include="..\..\..\Resources\AC_conductionOff.bmp">
      <Filter>리소스 파일</Filter>
    </Image>
    <Image Include="res\AT_AC\AC_conductionOn.bmp">
      <Filter>리소스 파일</Filter>
    </Image>
    <Image Include="..\..\..\Resources\AC_conductionOn.bmp">
      <Filter>리소스 파일</Filter>
    </Image>
    <Image Include="res\AT_AC\AC_cylinder_mount.bmp">
      <Filter>리소스 파일</Filter>
    </Image>
    <Image Include="..\..\..\Resources\AT_AC\AC_cylinder_mount.bmp">
      <Filter>리소스 파일</Filter>
    </Image>
    <Image Include="..\..\..\Resources\AC_equipment.bmp">
      <Filter>리소스 파일</Filter>
    </Image>
    <Image Include="..\..\..\Resources\AT_AC\AC_equipment_568x250.bmp">
      <Filter>리소스 파일</Filter>
    </Image>
    <Image Include="res\AT_AC\AC_equipment_568x250.bmp">
      <Filter>리소스 파일</Filter>
    </Image>
    <Image Include="..\..\..\Resources\AC_insertingTools1.bmp">
      <Filter>리소스 파일</Filter>
    </Image>
    <Image Include="res\AT_AC\AC_insertingTools1.bmp">
      <Filter>리소스 파일</Filter>
    </Image>
    <Image Include="..\..\..\Resources\AC_insertingTools2.bmp">
      <Filter>리소스 파일</Filter>
    </Image>
    <Image Include="res\AT_AC\AC_insertingTools2.bmp">
      <Filter>리소스 파일</Filter>
    </Image>
    <Image Include="..\..\..\Resources\AC_insertingTools3.bmp">
      <Filter>리소스 파일</Filter>
    </Image>
    <Image Include="res\AT_AC\AC_insertingTools3.bmp">
      <Filter>리소스 파일</Filter>
    </Image>
    <Image Include="..\..\..\Resources\AC_mountedToolsCylinder.bmp">
      <Filter>리소스 파일</Filter>
    </Image>
    <Image Include="res\AT_AC\AC_mountedToolsCylinder.bmp">
      <Filter>리소스 파일</Filter>
    </Image>
    <Image Include="res\AT_AC\AC_Ready.bmp">
      <Filter>리소스 파일</Filter>
    </Image>
    <Image Include="..\..\..\Resources\AC_Ready.bmp">
      <Filter>리소스 파일</Filter>
    </Image>
    <Image Include="..\..\..\Resources\AT_AC\AC_sigon.bmp">
      <Filter>리소스 파일</Filter>
    </Image>
    <Image Include="..\..\..\Resources\AT_AC\AT_ATC_cleaning.bmp">
      <Filter>리소스 파일</Filter>
    </Image>
    <Image Include="res\AT_AC\AT_ATC_cleaning.bmp">
      <Filter>리소스 파일</Filter>
    </Image>
    <Image Include="res\AT_AC\AT_ATC_mount.bmp">
      <Filter>리소스 파일</Filter>
    </Image>
    <Image Include="..\..\..\Resources\AT_AC\AT_ATC_mount.bmp">
      <Filter>리소스 파일</Filter>
    </Image>
    <Image Include="res\AT_AC\AT_cableClamp.bmp">
      <Filter>리소스 파일</Filter>
    </Image>
    <Image Include="..\..\..\Resources\AT_cableClamp.bmp">
      <Filter>리소스 파일</Filter>
    </Image>
    <Image Include="res\AT_AC\AT_conductionOff.bmp">
      <Filter>리소스 파일</Filter>
    </Image>
    <Image Include="..\..\..\Resources\AT_conductionOff.bmp">
      <Filter>리소스 파일</Filter>
    </Image>
    <Image Include="..\..\..\Resources\AT_conductionOn.bmp">
      <Filter>리소스 파일</Filter>
    </Image>
    <Image Include="res\AT_AC\AT_conductionOn.bmp">
      <Filter>리소스 파일</Filter>
    </Image>
    <Image Include="..\..\..\Resources\AT_AC\AT_equipment_638x300.bmp">
      <Filter>리소스 파일</Filter>
    </Image>
    <Image Include="res\AT_AC\AT_equipment_638x300.bmp">
      <Filter>리소스 파일</Filter>
    </Image>
    <Image Include="..\..\..\Resources\AT_mountedToolsATC.bmp">
      <Filter>리소스 파일</Filter>
    </Image>
    <Image Include="res\AT_AC\AT_mountedToolsATC.bmp">
      <Filter>리소스 파일</Filter>
    </Image>
    <Image Include="..\..\..\Resources\AT_ready.bmp">
      <Filter>리소스 파일</Filter>
    </Image>
    <Image Include="res\AT_AC\AT_ready.bmp">
      <Filter>리소스 파일</Filter>
    </Image>
    <Image Include="..\..\..\Resources\bitmap1.bmp">
      <Filter>리소스 파일</Filter>
    </Image>
    <Image Include="res\bitmap1.bmp">
      <Filter>리소스 파일</Filter>
    </Image>
    <Image Include="..\..\..\Resources\bitmap2.bmp">
      <Filter>리소스 파일</Filter>
    </Image>
    <Image Include="res\EPncUI.ico">
      <Filter>리소스 파일</Filter>
    </Image>
    <Image Include="res\icon_error.bmp">
      <Filter>리소스 파일</Filter>
    </Image>
    <Image Include="res\icon_info.bmp">
      <Filter>리소스 파일</Filter>
    </Image>
    <Image Include="res\icon_quest.bmp">
      <Filter>리소스 파일</Filter>
    </Image>
    <Image Include="res\icon_warm.bmp">
      <Filter>리소스 파일</Filter>
    </Image>
    <Image Include="res\ServiceImage001.bmp">
      <Filter>리소스 파일</Filter>
    </Image>
  </ItemGroup>
  <ItemGroup>
    <ResourceCompile Include="EPncUI.rc">
      <Filter>리소스 파일</Filter>
    </ResourceCompile>
  </ItemGroup>
  <ItemGroup>
    <None Include="res\EPncUI.rc2">
      <Filter>리소스 파일</Filter>
    </None>
    <None Include="ClassDiagram11.cd" />
  </ItemGroup>
  <ItemGroup>
    <Text Include="ReadMe.txt" />
  </ItemGroup>
</Project>