<?xml version="1.0" encoding="utf-8"?>
<Project ToolsVersion="4.0" xmlns="http://schemas.microsoft.com/developer/msbuild/2003">
  <ItemGroup>
    <Filter Include="소스 파일">
      <UniqueIdentifier>{4FC737F1-C7A5-4376-A066-2A32D752A2FF}</UniqueIdentifier>
      <Extensions>cpp;c;cc;cxx;def;odl;idl;hpj;bat;asm;asmx</Extensions>
    </Filter>
    <Filter Include="헤더 파일">
      <UniqueIdentifier>{93995380-89BD-4b04-88EB-625FBE52EBFB}</UniqueIdentifier>
      <Extensions>h;hpp;hxx;hm;inl;inc;xsd</Extensions>
    </Filter>
    <Filter Include="리소스 파일">
      <UniqueIdentifier>{67DA6AB6-F800-4c08-8B7A-83BB121AAD01}</UniqueIdentifier>
      <Extensions>rc;ico;cur;bmp;dlg;rc2;rct;bin;rgs;gif;jpg;jpeg;jpe;resx;tiff;tif;png;wav</Extensions>
    </Filter>
    <Filter Include="Common">
      <UniqueIdentifier>{b17241c0-fbc5-4d4c-9abc-961c69fc299b}</UniqueIdentifier>
    </Filter>
  </ItemGroup>
  <ItemGroup>
    <ClCompile Include="AutoCalDlg.cpp">
      <Filter>소스 파일</Filter>
    </ClCompile>
    <ClCompile Include="Comm232.cpp">
      <Filter>소스 파일</Filter>
    </ClCompile>
    <ClCompile Include="EPncMDlg.cpp">
      <Filter>소스 파일</Filter>
    </ClCompile>
    <ClCompile Include="EPncMDll.cpp">
      <Filter>소스 파일</Filter>
    </ClCompile>
    <ClCompile Include="EPncMDllApp.cpp">
      <Filter>소스 파일</Filter>
    </ClCompile>
    <ClCompile Include="ErrorDlg.cpp">
      <Filter>소스 파일</Filter>
    </ClCompile>
    <ClCompile Include="GCodeHelper.cpp">
      <Filter>소스 파일</Filter>
    </ClCompile>
    <ClCompile Include="GLCDCommEx.cpp">
      <Filter>소스 파일</Filter>
    </ClCompile>
    <ClCompile Include="hc3dutil.cpp">
      <Filter>소스 파일</Filter>
    </ClCompile>
    <ClCompile Include="hcsock.cpp">
      <Filter>소스 파일</Filter>
    </ClCompile>
    <ClCompile Include="HomeDlg.cpp">
      <Filter>소스 파일</Filter>
    </ClCompile>
    <ClCompile Include="IGLCD.cpp">
      <Filter>소스 파일</Filter>
    </ClCompile>
    <ClCompile Include="Log.cpp">
      <Filter>소스 파일</Filter>
    </ClCompile>
    <ClCompile Include="pa.cpp">
      <Filter>소스 파일</Filter>
    </ClCompile>
    <ClCompile Include="PAAsyncComm.cpp">
      <Filter>소스 파일</Filter>
    </ClCompile>
    <ClCompile Include="PAMotion.cpp">
      <Filter>소스 파일</Filter>
    </ClCompile>
    <ClCompile Include="PAStatus.cpp">
      <Filter>소스 파일</Filter>
    </ClCompile>
    <ClCompile Include="PConfig.cpp">
      <Filter>소스 파일</Filter>
    </ClCompile>
    <ClCompile Include="PContinueRunInfo.cpp">
      <Filter>소스 파일</Filter>
    </ClCompile>
    <ClCompile Include="PIpcServer.cpp">
      <Filter>소스 파일</Filter>
    </ClCompile>
    <ClCompile Include="PMaintenance.cpp">
      <Filter>소스 파일</Filter>
    </ClCompile>
    <ClCompile Include="PNCFile.cpp">
      <Filter>소스 파일</Filter>
    </ClCompile>
    <ClCompile Include="PNCFileMgr.cpp">
      <Filter>소스 파일</Filter>
    </ClCompile>
    <ClCompile Include="PThread.cpp">
      <Filter>소스 파일</Filter>
    </ClCompile>
    <ClCompile Include="PTool.cpp">
      <Filter>소스 파일</Filter>
    </ClCompile>
    <ClCompile Include="RemoteServer.cpp">
      <Filter>소스 파일</Filter>
    </ClCompile>
    <ClCompile Include="ScreenCapture.cpp">
      <Filter>소스 파일</Filter>
    </ClCompile>
    <ClCompile Include="stdafx.cpp">
      <Filter>소스 파일</Filter>
    </ClCompile>
    <ClCompile Include="ThreadMgr.cpp">
      <Filter>소스 파일</Filter>
    </ClCompile>
    <ClCompile Include="TonyJpegEncoder.cpp">
      <Filter>소스 파일</Filter>
    </ClCompile>
    <ClCompile Include="ToolPocketAutoTeachingBase.cpp">
      <Filter>소스 파일</Filter>
    </ClCompile>
    <ClCompile Include="ToolPocketAutoTeachingP1.cpp">
      <Filter>소스 파일</Filter>
    </ClCompile>
    <ClCompile Include="ToolPocketAutoTeachingP2.cpp">
      <Filter>소스 파일</Filter>
    </ClCompile>
    <ClCompile Include="Transform.cpp">
      <Filter>소스 파일</Filter>
    </ClCompile>
    <ClCompile Include="UserConfirmDlg.cpp">
      <Filter>헤더 파일</Filter>
    </ClCompile>
    <ClCompile Include="..\Common\CEIniFile.cpp">
      <Filter>Common</Filter>
    </ClCompile>
    <ClCompile Include="..\Common\EPACommonHeader.cpp">
      <Filter>Common</Filter>
    </ClCompile>
    <ClCompile Include="..\Common\hcutil.cpp">
      <Filter>Common</Filter>
    </ClCompile>
    <ClCompile Include="..\Common\IpcLib.cpp">
      <Filter>Common</Filter>
    </ClCompile>
  </ItemGroup>
  <ItemGroup>
    <ClInclude Include="AutoCalDlg.h">
      <Filter>헤더 파일</Filter>
    </ClInclude>
    <ClInclude Include="Comm232.h">
      <Filter>헤더 파일</Filter>
    </ClInclude>
    <ClInclude Include="EPncMDlg.h">
      <Filter>헤더 파일</Filter>
    </ClInclude>
    <ClInclude Include="EPncMDll.h">
      <Filter>헤더 파일</Filter>
    </ClInclude>
    <ClInclude Include="EPncMDllApp.h">
      <Filter>헤더 파일</Filter>
    </ClInclude>
    <ClInclude Include="ErrorDlg.h">
      <Filter>헤더 파일</Filter>
    </ClInclude>
    <ClInclude Include="GCodeHelper.h">
      <Filter>헤더 파일</Filter>
    </ClInclude>
    <ClInclude Include="GLCDCommEx.h">
      <Filter>헤더 파일</Filter>
    </ClInclude>
    <ClInclude Include="hc3dutil.h">
      <Filter>헤더 파일</Filter>
    </ClInclude>
    <ClInclude Include="hcsock.h">
      <Filter>헤더 파일</Filter>
    </ClInclude>
    <ClInclude Include="HomeDlg.h">
      <Filter>헤더 파일</Filter>
    </ClInclude>
    <ClInclude Include="IGLCD.h">
      <Filter>헤더 파일</Filter>
    </ClInclude>
    <ClInclude Include="Log.h">
      <Filter>헤더 파일</Filter>
    </ClInclude>
    <ClInclude Include="pa.h">
      <Filter>헤더 파일</Filter>
    </ClInclude>
    <ClInclude Include="PAAsyncComm.h">
      <Filter>헤더 파일</Filter>
    </ClInclude>
    <ClInclude Include="PAMotion.h">
      <Filter>헤더 파일</Filter>
    </ClInclude>
    <ClInclude Include="PAStatus.h">
      <Filter>헤더 파일</Filter>
    </ClInclude>
    <ClInclude Include="PConfig.h">
      <Filter>헤더 파일</Filter>
    </ClInclude>
    <ClInclude Include="PContinueRunInfo.h">
      <Filter>헤더 파일</Filter>
    </ClInclude>
    <ClInclude Include="PIpcServer.h">
      <Filter>헤더 파일</Filter>
    </ClInclude>
    <ClInclude Include="PMaintenance.h">
      <Filter>헤더 파일</Filter>
    </ClInclude>
    <ClInclude Include="PNCFile.h">
      <Filter>헤더 파일</Filter>
    </ClInclude>
    <ClInclude Include="PNCFileMgr.h">
      <Filter>헤더 파일</Filter>
    </ClInclude>
    <ClInclude Include="PThread.h">
      <Filter>헤더 파일</Filter>
    </ClInclude>
    <ClInclude Include="PTool.h">
      <Filter>헤더 파일</Filter>
    </ClInclude>
    <ClInclude Include="RemoteServer.h">
      <Filter>헤더 파일</Filter>
    </ClInclude>
    <ClInclude Include="Resource.h">
      <Filter>헤더 파일</Filter>
    </ClInclude>
    <ClInclude Include="ScreenCapture.h">
      <Filter>헤더 파일</Filter>
    </ClInclude>
    <ClInclude Include="stdafx.h">
      <Filter>헤더 파일</Filter>
    </ClInclude>
    <ClInclude Include="targetver.h">
      <Filter>헤더 파일</Filter>
    </ClInclude>
    <ClInclude Include="ThreadMgr.h">
      <Filter>헤더 파일</Filter>
    </ClInclude>
    <ClInclude Include="TonyJpegEncoder.h">
      <Filter>헤더 파일</Filter>
    </ClInclude>
    <ClInclude Include="ToolPocketAutoTeachingBase.h">
      <Filter>헤더 파일</Filter>
    </ClInclude>
    <ClInclude Include="ToolPocketAutoTeachingP1.h">
      <Filter>헤더 파일</Filter>
    </ClInclude>
    <ClInclude Include="ToolPocketAutoTeachingP2.h">
      <Filter>헤더 파일</Filter>
    </ClInclude>
    <ClInclude Include="Transform.h">
      <Filter>헤더 파일</Filter>
    </ClInclude>
    <ClInclude Include="UserConfirmDlg.h">
      <Filter>헤더 파일</Filter>
    </ClInclude>
    <ClInclude Include="..\Common\CEIniFile.h">
      <Filter>Common</Filter>
    </ClInclude>
    <ClInclude Include="..\Common\EPACommonHeader.h">
      <Filter>Common</Filter>
    </ClInclude>
    <ClInclude Include="..\Common\hcutil.h">
      <Filter>Common</Filter>
    </ClInclude>
    <ClInclude Include="..\Common\IpcLib.h">
      <Filter>Common</Filter>
    </ClInclude>
  </ItemGroup>
  <ItemGroup>
    <ResourceCompile Include="EPncMDll.rc">
      <Filter>리소스 파일</Filter>
    </ResourceCompile>
  </ItemGroup>
  <ItemGroup>
    <Text Include="ReadMe.txt" />
  </ItemGroup>
</Project>